
Microsoft Visual Studio Solution File, Format Version 12.00
# Visual Studio Version 16
VisualStudioVersion = 16.0.30804.86
MinimumVisualStudioVersion = 10.0.40219.1
Project("{FAE04EC0-301F-11D3-BF4B-00C04F79EFBC}") = "jamesina-bot", "jamesina-bot\jamesina-bot.csproj", "{D13941CA-D03E-4D17-BE90-DE0F5CBC11FE}"
EndProject
Global
	GlobalSection(SolutionConfigurationPlatforms) = preSolution
		Debug|Any CPU = Debug|Any CPU
		Release|Any CPU = Release|Any CPU
	EndGlobalSection
	GlobalSection(ProjectConfigurationPlatforms) = postSolution
		{D13941CA-D03E-4D17-BE90-DE0F5CBC11FE}.Debug|Any CPU.ActiveCfg = Debug|Any CPU
		{D13941CA-D03E-4D17-BE90-DE0F5CBC11FE}.Debug|Any CPU.Build.0 = Debug|Any CPU
		{D13941CA-D03E-4D17-BE90-DE0F5CBC11FE}.Release|Any CPU.ActiveCfg = Release|Any CPU
		{D13941CA-D03E-4D17-BE90-DE0F5CBC11FE}.Release|Any CPU.Build.0 = Release|Any CPU
	EndGlobalSection
	GlobalSection(SolutionProperties) = preSolution
		HideSolutionNode = FALSE
	EndGlobalSection
	GlobalSection(ExtensibilityGlobals) = postSolution
		SolutionGuid = {65DFD95B-5F7B-4951-A090-AD095E59B5BE}
	EndGlobalSection
EndGlobal
